
Microsoft Visual Studio Solution File, Format Version 12.00
# Visual Studio Version 16
VisualStudioVersion = 16.0.29709.97
MinimumVisualStudioVersion = 10.0.40219.1
Project("{FAE04EC0-301F-11D3-BF4B-00C04F79EFBC}") = "Deduplication.View", "Deduplication.View\Deduplication.View.csproj", "{3C05F11E-874C-4541-8172-874CEB763858}"
EndProject
Project("{FAE04EC0-301F-11D3-BF4B-00C04F79EFBC}") = "Deduplication.Controller", "Deduplication.Controller\Deduplication.Controller.csproj", "{DE09920D-1D4D-4A86-8C97-B2D20A19041E}"
EndProject
Project("{FAE04EC0-301F-11D3-BF4B-00C04F79EFBC}") = "Deduplication.Model", "Deduplication.Model\Deduplication.Model.csproj", "{613CC832-B5CA-4316-8FAE-DACD885BFEEE}"
EndProject
Global
	GlobalSection(SolutionConfigurationPlatforms) = preSolution
		Debug|Any CPU = Debug|Any CPU
		Release|Any CPU = Release|Any CPU
	EndGlobalSection
	GlobalSection(ProjectConfigurationPlatforms) = postSolution
		{3C05F11E-874C-4541-8172-874CEB763858}.Debug|Any CPU.ActiveCfg = Debug|Any CPU
		{3C05F11E-874C-4541-8172-874CEB763858}.Debug|Any CPU.Build.0 = Debug|Any CPU
		{3C05F11E-874C-4541-8172-874CEB763858}.Release|Any CPU.ActiveCfg = Release|Any CPU
		{3C05F11E-874C-4541-8172-874CEB763858}.Release|Any CPU.Build.0 = Release|Any CPU
		{DE09920D-1D4D-4A86-8C97-B2D20A19041E}.Debug|Any CPU.ActiveCfg = Debug|Any CPU
		{DE09920D-1D4D-4A86-8C97-B2D20A19041E}.Debug|Any CPU.Build.0 = Debug|Any CPU
		{DE09920D-1D4D-4A86-8C97-B2D20A19041E}.Release|Any CPU.ActiveCfg = Release|Any CPU
		{DE09920D-1D4D-4A86-8C97-B2D20A19041E}.Release|Any CPU.Build.0 = Release|Any CPU
		{613CC832-B5CA-4316-8FAE-DACD885BFEEE}.Debug|Any CPU.ActiveCfg = Debug|Any CPU
		{613CC832-B5CA-4316-8FAE-DACD885BFEEE}.Debug|Any CPU.Build.0 = Debug|Any CPU
		{613CC832-B5CA-4316-8FAE-DACD885BFEEE}.Release|Any CPU.ActiveCfg = Release|Any CPU
		{613CC832-B5CA-4316-8FAE-DACD885BFEEE}.Release|Any CPU.Build.0 = Release|Any CPU
	EndGlobalSection
	GlobalSection(SolutionProperties) = preSolution
		HideSolutionNode = FALSE
	EndGlobalSection
	GlobalSection(ExtensibilityGlobals) = postSolution
		SolutionGuid = {19933595-2D54-453C-88E7-9498091CDC4A}
	EndGlobalSection
EndGlobal
